version = 1
revision = 1
requires-python = ">=3.12.0, <3.13"

[[package]]
name = "app"
version = "0.1.0"
source = { virtual = "." }
dependencies = [
    { name = "plain" },
    { name = "plain-admin" },
    { name = "plain-auth" },
    { name = "plain-code" },
    { name = "plain-elements" },
    { name = "plain-htmx" },
    { name = "plain-models" },
    { name = "plain-passwords" },
    { name = "plain-sessions" },
    { name = "plain-tailwind" },
    { name = "psycopg", extra = ["binary"] },
]

[package.dev-dependencies]
dev = [
    { name = "plain-dev" },
    { name = "plain-pytest" },
]

[package.metadata]
requires-dist = [
    { name = "plain", specifier = "<1.0.0" },
    { name = "plain-admin", specifier = "<1.0.0" },
    { name = "plain-auth", specifier = "<1.0.0" },
    { name = "plain-code", specifier = "<1.0.0" },
    { name = "plain-elements", specifier = "<1.0.0" },
    { name = "plain-htmx", specifier = "<1.0.0" },
    { name = "plain-models", specifier = "<1.0.0" },
    { name = "plain-passwords", specifier = "<1.0.0" },
    { name = "plain-sessions", specifier = "<1.0.0" },
    { name = "plain-tailwind", specifier = "<1.0.0" },
    { name = "psycopg", extras = ["binary"], specifier = ">=3.2.3" },
]

[package.metadata.requires-dev]
dev = [
    { name = "plain-dev", specifier = "<1.0.0" },
    { name = "plain-pytest", specifier = "<1.0.0" },
]

[[package]]
name = "certifi"
version = "2025.1.31"
source = { registry = "https://pypi.org/simple" }
sdist = { url = "https://files.pythonhosted.org/packages/1c/ab/c9f1e32b7b1bf505bf26f0ef697775960db7932abeb7b516de930ba2705f/certifi-2025.1.31.tar.gz", hash = "sha256:3d5da6925056f6f18f119200434a4780a94263f10d1c21d032a6f6b2baa20651", size = 167577 }
wheels = [
    { url = "https://files.pythonhosted.org/packages/38/fc/bce832fd4fd99766c04d1ee0eead6b0ec6486fb100ae5e74c1d91292b982/certifi-2025.1.31-py3-none-any.whl", hash = "sha256:ca78db4565a652026a4db2bcdf68f2fb589ea80d0be70e03929ed730746b84fe", size = 166393 },
]

[[package]]
name = "charset-normalizer"
version = "3.4.1"
source = { registry = "https://pypi.org/simple" }
sdist = { url = "https://files.pythonhosted.org/packages/16/b0/572805e227f01586461c80e0fd25d65a2115599cc9dad142fee4b747c357/charset_normalizer-3.4.1.tar.gz", hash = "sha256:44251f18cd68a75b56585dd00dae26183e102cd5e0f9f1466e6df5da2ed64ea3", size = 123188 }
wheels = [
    { url = "https://files.pythonhosted.org/packages/0a/9a/dd1e1cdceb841925b7798369a09279bd1cf183cef0f9ddf15a3a6502ee45/charset_normalizer-3.4.1-cp312-cp312-macosx_10_13_universal2.whl", hash = "sha256:73d94b58ec7fecbc7366247d3b0b10a21681004153238750bb67bd9012414545", size = 196105 },
    { url = "https://files.pythonhosted.org/packages/d3/8c/90bfabf8c4809ecb648f39794cf2a84ff2e7d2a6cf159fe68d9a26160467/charset_normalizer-3.4.1-cp312-cp312-manylinux_2_17_aarch64.manylinux2014_aarch64.whl", hash = "sha256:dad3e487649f498dd991eeb901125411559b22e8d7ab25d3aeb1af367df5efd7", size = 140404 },
    { url = "https://files.pythonhosted.org/packages/ad/8f/e410d57c721945ea3b4f1a04b74f70ce8fa800d393d72899f0a40526401f/charset_normalizer-3.4.1-cp312-cp312-manylinux_2_17_ppc64le.manylinux2014_ppc64le.whl", hash = "sha256:c30197aa96e8eed02200a83fba2657b4c3acd0f0aa4bdc9f6c1af8e8962e0757", size = 150423 },
    { url = "https://files.pythonhosted.org/packages/f0/b8/e6825e25deb691ff98cf5c9072ee0605dc2acfca98af70c2d1b1bc75190d/charset_normalizer-3.4.1-cp312-cp312-manylinux_2_17_s390x.manylinux2014_s390x.whl", hash = "sha256:2369eea1ee4a7610a860d88f268eb39b95cb588acd7235e02fd5a5601773d4fa", size = 143184 },
    { url = "https://files.pythonhosted.org/packages/3e/a2/513f6cbe752421f16d969e32f3583762bfd583848b763913ddab8d9bfd4f/charset_normalizer-3.4.1-cp312-cp312-manylinux_2_17_x86_64.manylinux2014_x86_64.whl", hash = "sha256:bc2722592d8998c870fa4e290c2eec2c1569b87fe58618e67d38b4665dfa680d", size = 145268 },
    { url = "https://files.pythonhosted.org/packages/74/94/8a5277664f27c3c438546f3eb53b33f5b19568eb7424736bdc440a88a31f/charset_normalizer-3.4.1-cp312-cp312-manylinux_2_5_i686.manylinux1_i686.manylinux_2_17_i686.manylinux2014_i686.whl", hash = "sha256:ffc9202a29ab3920fa812879e95a9e78b2465fd10be7fcbd042899695d75e616", size = 147601 },
    { url = "https://files.pythonhosted.org/packages/7c/5f/6d352c51ee763623a98e31194823518e09bfa48be2a7e8383cf691bbb3d0/charset_normalizer-3.4.1-cp312-cp312-musllinux_1_2_aarch64.whl", hash = "sha256:804a4d582ba6e5b747c625bf1255e6b1507465494a40a2130978bda7b932c90b", size = 141098 },
    { url = "https://files.pythonhosted.org/packages/78/d4/f5704cb629ba5ab16d1d3d741396aec6dc3ca2b67757c45b0599bb010478/charset_normalizer-3.4.1-cp312-cp312-musllinux_1_2_i686.whl", hash = "sha256:0f55e69f030f7163dffe9fd0752b32f070566451afe180f99dbeeb81f511ad8d", size = 149520 },
    { url = "https://files.pythonhosted.org/packages/c5/96/64120b1d02b81785f222b976c0fb79a35875457fa9bb40827678e54d1bc8/charset_normalizer-3.4.1-cp312-cp312-musllinux_1_2_ppc64le.whl", hash = "sha256:c4c3e6da02df6fa1410a7680bd3f63d4f710232d3139089536310d027950696a", size = 152852 },
    { url = "https://files.pythonhosted.org/packages/84/c9/98e3732278a99f47d487fd3468bc60b882920cef29d1fa6ca460a1fdf4e6/charset_normalizer-3.4.1-cp312-cp312-musllinux_1_2_s390x.whl", hash = "sha256:5df196eb874dae23dcfb968c83d4f8fdccb333330fe1fc278ac5ceeb101003a9", size = 150488 },
    { url = "https://files.pythonhosted.org/packages/13/0e/9c8d4cb99c98c1007cc11eda969ebfe837bbbd0acdb4736d228ccaabcd22/charset_normalizer-3.4.1-cp312-cp312-musllinux_1_2_x86_64.whl", hash = "sha256:e358e64305fe12299a08e08978f51fc21fac060dcfcddd95453eabe5b93ed0e1", size = 146192 },
    { url = "https://files.pythonhosted.org/packages/b2/21/2b6b5b860781a0b49427309cb8670785aa543fb2178de875b87b9cc97746/charset_normalizer-3.4.1-cp312-cp312-win32.whl", hash = "sha256:9b23ca7ef998bc739bf6ffc077c2116917eabcc901f88da1b9856b210ef63f35", size = 95550 },
    { url = "https://files.pythonhosted.org/packages/21/5b/1b390b03b1d16c7e382b561c5329f83cc06623916aab983e8ab9239c7d5c/charset_normalizer-3.4.1-cp312-cp312-win_amd64.whl", hash = "sha256:6ff8a4a60c227ad87030d76e99cd1698345d4491638dfa6673027c48b3cd395f", size = 102785 },
    { url = "https://files.pythonhosted.org/packages/0e/f6/65ecc6878a89bb1c23a086ea335ad4bf21a588990c3f535a227b9eea9108/charset_normalizer-3.4.1-py3-none-any.whl", hash = "sha256:d98b1668f06378c6dbefec3b92299716b931cd4e6061f3c875a71ced1780ab85", size = 49767 },
]

[[package]]
name = "click"
version = "8.1.8"
source = { registry = "https://pypi.org/simple" }
dependencies = [
    { name = "colorama", marker = "sys_platform == 'win32'" },
]
sdist = { url = "https://files.pythonhosted.org/packages/b9/2e/0090cbf739cee7d23781ad4b89a9894a41538e4fcf4c31dcdd705b78eb8b/click-8.1.8.tar.gz", hash = "sha256:ed53c9d8990d83c2a27deae68e4ee337473f6330c040a31d4225c9574d16096a", size = 226593 }
wheels = [
    { url = "https://files.pythonhosted.org/packages/7e/d4/7ebdbd03970677812aac39c869717059dbb71a4cfc033ca6e5221787892c/click-8.1.8-py3-none-any.whl", hash = "sha256:63c132bbbed01578a06712a2d1f497bb62d9c1c0d329b7903a866228027263b2", size = 98188 },
]

[[package]]
name = "colorama"
version = "0.4.6"
source = { registry = "https://pypi.org/simple" }
sdist = { url = "https://files.pythonhosted.org/packages/d8/53/6f443c9a4a8358a93a6792e2acffb9d9d5cb0a5cfd8802644b7b1c9a02e4/colorama-0.4.6.tar.gz", hash = "sha256:08695f5cb7ed6e0531a20572697297273c47b8cae5a63ffc6d6ed5c201be6e44", size = 27697 }
wheels = [
    { url = "https://files.pythonhosted.org/packages/d1/d6/3965ed04c63042e047cb6a3e6ed1a63a35087b6a609aa3a15ed8ac56c221/colorama-0.4.6-py2.py3-none-any.whl", hash = "sha256:4f1d9991f5acc0ca119f9d443620b77f9d6b33703e51011c16baf57afb285fc6", size = 25335 },
]

[[package]]
name = "gunicorn"
version = "23.0.0"
source = { registry = "https://pypi.org/simple" }
dependencies = [
    { name = "packaging" },
]
sdist = { url = "https://files.pythonhosted.org/packages/34/72/9614c465dc206155d93eff0ca20d42e1e35afc533971379482de953521a4/gunicorn-23.0.0.tar.gz", hash = "sha256:f014447a0101dc57e294f6c18ca6b40227a4c90e9bdb586042628030cba004ec", size = 375031 }
wheels = [
    { url = "https://files.pythonhosted.org/packages/cb/7d/6dac2a6e1eba33ee43f318edbed4ff29151a49b5d37f080aad1e6469bca4/gunicorn-23.0.0-py3-none-any.whl", hash = "sha256:ec400d38950de4dfd418cff8328b2c8faed0edb0d517d3394e457c317908ca4d", size = 85029 },
]

[[package]]
name = "idna"
version = "3.10"
source = { registry = "https://pypi.org/simple" }
sdist = { url = "https://files.pythonhosted.org/packages/f1/70/7703c29685631f5a7590aa73f1f1d3fa9a380e654b86af429e0934a32f7d/idna-3.10.tar.gz", hash = "sha256:12f65c9b470abda6dc35cf8e63cc574b1c52b11df2c86030af0ac09b01b13ea9", size = 190490 }
wheels = [
    { url = "https://files.pythonhosted.org/packages/76/c6/c88e154df9c4e1a2a66ccf0005a88dfb2650c1dffb6f5ce603dfbd452ce3/idna-3.10-py3-none-any.whl", hash = "sha256:946d195a0d259cbba61165e88e65941f16e9b36ea6ddb97f00452bae8b1287d3", size = 70442 },
]

[[package]]
name = "iniconfig"
version = "2.0.0"
source = { registry = "https://pypi.org/simple" }
sdist = { url = "https://files.pythonhosted.org/packages/d7/4b/cbd8e699e64a6f16ca3a8220661b5f83792b3017d0f79807cb8708d33913/iniconfig-2.0.0.tar.gz", hash = "sha256:2d91e135bf72d31a410b17c16da610a82cb55f6b0477d1a902134b24a455b8b3", size = 4646 }
wheels = [
    { url = "https://files.pythonhosted.org/packages/ef/a6/62565a6e1cf69e10f5727360368e451d4b7f58beeac6173dc9db836a5b46/iniconfig-2.0.0-py3-none-any.whl", hash = "sha256:b6a85871a79d2e3b22d2d1b94ac2824226a63c6b741c88f7ae975f18b6778374", size = 5892 },
]

[[package]]
name = "inotify"
version = "0.2.10"
source = { registry = "https://pypi.org/simple" }
dependencies = [
    { name = "nose" },
]
sdist = { url = "https://files.pythonhosted.org/packages/35/cb/6d564f8a3f25d9516298dce151670d01e43a4b3b769c1c15f40453179cd5/inotify-0.2.10.tar.gz", hash = "sha256:974a623a338482b62e16d4eb705fb863ed33ec178680fc3e96ccdf0df6c02a07", size = 9905 }

[[package]]
name = "jinja2"
version = "3.1.5"
source = { registry = "https://pypi.org/simple" }
dependencies = [
    { name = "markupsafe" },
]
sdist = { url = "https://files.pythonhosted.org/packages/af/92/b3130cbbf5591acf9ade8708c365f3238046ac7cb8ccba6e81abccb0ccff/jinja2-3.1.5.tar.gz", hash = "sha256:8fefff8dc3034e27bb80d67c671eb8a9bc424c0ef4c0826edbff304cceff43bb", size = 244674 }
wheels = [
    { url = "https://files.pythonhosted.org/packages/bd/0f/2ba5fbcd631e3e88689309dbe978c5769e883e4b84ebfe7da30b43275c5a/jinja2-3.1.5-py3-none-any.whl", hash = "sha256:aba0f4dc9ed8013c424088f68a5c226f7d6097ed89b246d7749c2ec4175c6adb", size = 134596 },
]

[[package]]
name = "markdown-it-py"
version = "3.0.0"
source = { registry = "https://pypi.org/simple" }
dependencies = [
    { name = "mdurl" },
]
sdist = { url = "https://files.pythonhosted.org/packages/38/71/3b932df36c1a044d397a1f92d1cf91ee0a503d91e470cbd670aa66b07ed0/markdown-it-py-3.0.0.tar.gz", hash = "sha256:e3f60a94fa066dc52ec76661e37c851cb232d92f9886b15cb560aaada2df8feb", size = 74596 }
wheels = [
    { url = "https://files.pythonhosted.org/packages/42/d7/1ec15b46af6af88f19b8e5ffea08fa375d433c998b8a7639e76935c14f1f/markdown_it_py-3.0.0-py3-none-any.whl", hash = "sha256:355216845c60bd96232cd8d8c40e8f9765cc86f46880e43a8fd22dc1a1a8cab1", size = 87528 },
]

[[package]]
name = "markupsafe"
version = "3.0.2"
source = { registry = "https://pypi.org/simple" }
sdist = { url = "https://files.pythonhosted.org/packages/b2/97/5d42485e71dfc078108a86d6de8fa46db44a1a9295e89c5d6d4a06e23a62/markupsafe-3.0.2.tar.gz", hash = "sha256:ee55d3edf80167e48ea11a923c7386f4669df67d7994554387f84e7d8b0a2bf0", size = 20537 }
wheels = [
    { url = "https://files.pythonhosted.org/packages/22/09/d1f21434c97fc42f09d290cbb6350d44eb12f09cc62c9476effdb33a18aa/MarkupSafe-3.0.2-cp312-cp312-macosx_10_13_universal2.whl", hash = "sha256:9778bd8ab0a994ebf6f84c2b949e65736d5575320a17ae8984a77fab08db94cf", size = 14274 },
    { url = "https://files.pythonhosted.org/packages/6b/b0/18f76bba336fa5aecf79d45dcd6c806c280ec44538b3c13671d49099fdd0/MarkupSafe-3.0.2-cp312-cp312-macosx_11_0_arm64.whl", hash = "sha256:846ade7b71e3536c4e56b386c2a47adf5741d2d8b94ec9dc3e92e5e1ee1e2225", size = 12348 },
    { url = "https://files.pythonhosted.org/packages/e0/25/dd5c0f6ac1311e9b40f4af06c78efde0f3b5cbf02502f8ef9501294c425b/MarkupSafe-3.0.2-cp312-cp312-manylinux_2_17_aarch64.manylinux2014_aarch64.whl", hash = "sha256:1c99d261bd2d5f6b59325c92c73df481e05e57f19837bdca8413b9eac4bd8028", size = 24149 },
    { url = "https://files.pythonhosted.org/packages/f3/f0/89e7aadfb3749d0f52234a0c8c7867877876e0a20b60e2188e9850794c17/MarkupSafe-3.0.2-cp312-cp312-manylinux_2_17_x86_64.manylinux2014_x86_64.whl", hash = "sha256:e17c96c14e19278594aa4841ec148115f9c7615a47382ecb6b82bd8fea3ab0c8", size = 23118 },
    { url = "https://files.pythonhosted.org/packages/d5/da/f2eeb64c723f5e3777bc081da884b414671982008c47dcc1873d81f625b6/MarkupSafe-3.0.2-cp312-cp312-manylinux_2_5_i686.manylinux1_i686.manylinux_2_17_i686.manylinux2014_i686.whl", hash = "sha256:88416bd1e65dcea10bc7569faacb2c20ce071dd1f87539ca2ab364bf6231393c", size = 22993 },
    { url = "https://files.pythonhosted.org/packages/da/0e/1f32af846df486dce7c227fe0f2398dc7e2e51d4a370508281f3c1c5cddc/MarkupSafe-3.0.2-cp312-cp312-musllinux_1_2_aarch64.whl", hash = "sha256:2181e67807fc2fa785d0592dc2d6206c019b9502410671cc905d132a92866557", size = 24178 },
    { url = "https://files.pythonhosted.org/packages/c4/f6/bb3ca0532de8086cbff5f06d137064c8410d10779c4c127e0e47d17c0b71/MarkupSafe-3.0.2-cp312-cp312-musllinux_1_2_i686.whl", hash = "sha256:52305740fe773d09cffb16f8ed0427942901f00adedac82ec8b67752f58a1b22", size = 23319 },
    { url = "https://files.pythonhosted.org/packages/a2/82/8be4c96ffee03c5b4a034e60a31294daf481e12c7c43ab8e34a1453ee48b/MarkupSafe-3.0.2-cp312-cp312-musllinux_1_2_x86_64.whl", hash = "sha256:ad10d3ded218f1039f11a75f8091880239651b52e9bb592ca27de44eed242a48", size = 23352 },
    { url = "https://files.pythonhosted.org/packages/51/ae/97827349d3fcffee7e184bdf7f41cd6b88d9919c80f0263ba7acd1bbcb18/MarkupSafe-3.0.2-cp312-cp312-win32.whl", hash = "sha256:0f4ca02bea9a23221c0182836703cbf8930c5e9454bacce27e767509fa286a30", size = 15097 },
    { url = "https://files.pythonhosted.org/packages/c1/80/a61f99dc3a936413c3ee4e1eecac96c0da5ed07ad56fd975f1a9da5bc630/MarkupSafe-3.0.2-cp312-cp312-win_amd64.whl", hash = "sha256:8e06879fc22a25ca47312fbe7c8264eb0b662f6db27cb2d3bbbc74b1df4b9b87", size = 15601 },
]

[[package]]
name = "mdurl"
version = "0.1.2"
source = { registry = "https://pypi.org/simple" }
sdist = { url = "https://files.pythonhosted.org/packages/d6/54/cfe61301667036ec958cb99bd3efefba235e65cdeb9c84d24a8293ba1d90/mdurl-0.1.2.tar.gz", hash = "sha256:bb413d29f5eea38f31dd4754dd7377d4465116fb207585f97bf925588687c1ba", size = 8729 }
wheels = [
    { url = "https://files.pythonhosted.org/packages/b3/38/89ba8ad64ae25be8de66a6d463314cf1eb366222074cfda9ee839c56a4b4/mdurl-0.1.2-py3-none-any.whl", hash = "sha256:84008a41e51615a49fc9966191ff91509e3c40b939176e643fd50a5c2196b8f8", size = 9979 },
]

[[package]]
name = "nose"
version = "1.3.7"
source = { registry = "https://pypi.org/simple" }
sdist = { url = "https://files.pythonhosted.org/packages/58/a5/0dc93c3ec33f4e281849523a5a913fa1eea9a3068acfa754d44d88107a44/nose-1.3.7.tar.gz", hash = "sha256:f1bffef9cbc82628f6e7d7b40d7e255aefaa1adb6a1b1d26c69a8b79e6208a98", size = 280488 }
wheels = [
    { url = "https://files.pythonhosted.org/packages/15/d8/dd071918c040f50fa1cf80da16423af51ff8ce4a0f2399b7bf8de45ac3d9/nose-1.3.7-py3-none-any.whl", hash = "sha256:9ff7c6cc443f8c51994b34a667bbcf45afd6d945be7477b52e97516fd17c53ac", size = 154731 },
]

[[package]]
name = "packaging"
version = "24.2"
source = { registry = "https://pypi.org/simple" }
sdist = { url = "https://files.pythonhosted.org/packages/d0/63/68dbb6eb2de9cb10ee4c9c14a0148804425e13c4fb20d61cce69f53106da/packaging-24.2.tar.gz", hash = "sha256:c228a6dc5e932d346bc5739379109d49e8853dd8223571c7c5b55260edc0b97f", size = 163950 }
wheels = [
    { url = "https://files.pythonhosted.org/packages/88/ef/eb23f262cca3c0c4eb7ab1933c3b1f03d021f2c48f54763065b6f0e321be/packaging-24.2-py3-none-any.whl", hash = "sha256:09abb1bccd265c01f4a3aa3f7a7db064b36514d2cba19a2f694fe6150451a759", size = 65451 },
]

[[package]]
name = "plain"
version = "0.28.0"
source = { registry = "https://pypi.org/simple" }
dependencies = [
    { name = "click" },
    { name = "jinja2" },
]
sdist = { url = "https://files.pythonhosted.org/packages/b8/08/0d5ba0006ff4b96571e4b9fc78a61d837839e047d2c87727337753ffaf07/plain-0.28.0.tar.gz", hash = "sha256:63f963eac24e2e37bb27cb1def1d9cd25509a26e485195b2e2fcf3ab56e72839", size = 152452 }
wheels = [
    { url = "https://files.pythonhosted.org/packages/1f/71/d3313a05016330996bb593b471eb6c20ad9eeeb4b24ea344e08a9835edef/plain-0.28.0-py3-none-any.whl", hash = "sha256:c283551bb1889db87abe16141c734411377e727825b62fe494d5b42cf4680360", size = 196627 },
]

[[package]]
name = "plain-admin"
version = "0.21.0"
source = { registry = "https://pypi.org/simple" }
dependencies = [
    { name = "plain" },
    { name = "plain-auth" },
    { name = "plain-htmx" },
    { name = "plain-tailwind" },
    { name = "sqlparse" },
]
sdist = { url = "https://files.pythonhosted.org/packages/5e/6d/76f277a06253d68851c0b66424a3c84b7f76f1040fd04210b50a8ea05a1e/plain_admin-0.21.0.tar.gz", hash = "sha256:8edb2800a8b707bdb7f9f1ba31f515a0e57df9e517c25d1b6c77d2e74f1169fd", size = 146510 }
wheels = [
    { url = "https://files.pythonhosted.org/packages/cc/eb/6bc401080d266fa78cc6c180f304aff9fd739aa9d6eee3db37177c899fd8/plain_admin-0.21.0-py3-none-any.whl", hash = "sha256:db0920ece7110e4e574c07496ab96bbc2890095b4a3bdfb3bead6d690450cfdd", size = 169743 },
]

[[package]]
name = "plain-auth"
version = "0.9.0"
source = { registry = "https://pypi.org/simple" }
dependencies = [
    { name = "plain" },
    { name = "plain-models" },
    { name = "plain-sessions" },
]
sdist = { url = "https://files.pythonhosted.org/packages/17/bc/b801ff06e27409a1738faf3e1774227332a358ae0e2cb0a12ddb0c172e8f/plain_auth-0.9.0.tar.gz", hash = "sha256:1f6d68a8ff1a6f9615f169e926747b4cbe1bee7177d7e7e45b8e230c701b3bb9", size = 6593 }
wheels = [
    { url = "https://files.pythonhosted.org/packages/56/1c/f3e99e3e6159a000c0a6e8818eb7b49cee9d079a0f0aa359869bc14c778c/plain_auth-0.9.0-py3-none-any.whl", hash = "sha256:034753945f47b64300b2054df51a30daf5eaa6fd7e50a7f769500435e283d098", size = 9905 },
]

[[package]]
name = "plain-code"
version = "0.5.0"
source = { registry = "https://pypi.org/simple" }
dependencies = [
    { name = "plain" },
    { name = "ruff" },
]
sdist = { url = "https://files.pythonhosted.org/packages/60/28/89fa91300c6c8bf8b267c24abcdc8a7603be037062bf6050fc5cd4b6e757/plain_code-0.5.0.tar.gz", hash = "sha256:1fccb8447362c10b0f98223f6e74a0656ced05c954f451e14908f9a9d368bc63", size = 2665 }
wheels = [
    { url = "https://files.pythonhosted.org/packages/61/a7/440b71bd22ec27edc57c8df7e334cbfbf2e880eecee83ea50ceccfd837ee/plain_code-0.5.0-py3-none-any.whl", hash = "sha256:13899354f834e043edc4a3cb832221a2742401e7967bde7c06ce7cb22cd6acc3", size = 3896 },
]

[[package]]
name = "plain-dev"
version = "0.22.1"
source = { registry = "https://pypi.org/simple" }
dependencies = [
    { name = "click" },
    { name = "gunicorn" },
    { name = "inotify" },
    { name = "plain" },
    { name = "psycopg", extra = ["binary"] },
    { name = "python-dotenv" },
    { name = "requests" },
    { name = "rich" },
]
sdist = { url = "https://files.pythonhosted.org/packages/61/c9/19d3e8b26e406c45ee9973f52d24243c538dea2b42a617e98a7b8faa812d/plain_dev-0.22.1.tar.gz", hash = "sha256:a6db93ccfa020e6988b3ae4894ffccbadcf4c475dad3aec8892b387486ee4ee7", size = 22673 }
wheels = [
    { url = "https://files.pythonhosted.org/packages/e0/c8/49ca73385ca9c43e3560da41819aa937243b4b599adb3f5c1d0672046e88/plain_dev-0.22.1-py3-none-any.whl", hash = "sha256:bc7e0c35e1278c3b8825481e7e2265ecf5489bec2c482a8a035c3db996a4836d", size = 30535 },
]

[[package]]
name = "plain-elements"
version = "0.6.0"
source = { registry = "https://pypi.org/simple" }
dependencies = [
    { name = "plain" },
]
sdist = { url = "https://files.pythonhosted.org/packages/c6/57/2c2f3aa14a6c5f92c0ce460ded0690013dbef98aa8c00f7ef613d058f6c1/plain_elements-0.6.0.tar.gz", hash = "sha256:19001ec713a9c95cfad6bce03a2c680b881abd243d1307e8bd22e59980b540f7", size = 3404 }
wheels = [
    { url = "https://files.pythonhosted.org/packages/44/fb/9b9bca029e9060834f9288d297e63bcd366703958e1eeffb6202b003eea6/plain_elements-0.6.0-py3-none-any.whl", hash = "sha256:635704ca6fd50694f2a8d782684013cc3b1f9348ead2f838fcc752acf65b6125", size = 4393 },
]

[[package]]
name = "plain-htmx"
version = "0.6.0"
source = { registry = "https://pypi.org/simple" }
dependencies = [
    { name = "plain" },
]
sdist = { url = "https://files.pythonhosted.org/packages/a1/20/e58773a27d746614a6527976e8eff1f8e01635d0dd4cc3b25a48cdefa64a/plain_htmx-0.6.0.tar.gz", hash = "sha256:726c1d69df683426fc653b39282d675e4adccc53b779a7c9b69d58ce4efce4a8", size = 309995 }
wheels = [
    { url = "https://files.pythonhosted.org/packages/2d/2b/b6b4ca032058b41b06c8a52b23b70758c91a3842d81958a13fb693e78196/plain_htmx-0.6.0-py3-none-any.whl", hash = "sha256:a6f3e58ec80e68f74c715622446d6d1480dd4e8bb1c2043f9cc452e2a7ef6990", size = 335735 },
]

[[package]]
name = "plain-models"
version = "0.18.1"
source = { registry = "https://pypi.org/simple" }
dependencies = [
    { name = "plain" },
    { name = "sqlparse" },
]
sdist = { url = "https://files.pythonhosted.org/packages/79/c1/5546efd8c3fbb92b4b43a8bd711b482cc972a0560cb57c1a895b5cedac7b/plain_models-0.18.1.tar.gz", hash = "sha256:bdb5571b2fa3876ac663b76d742182d541c86831d839ccaebd7748c0b56599b3", size = 380922 }
wheels = [
    { url = "https://files.pythonhosted.org/packages/6c/ba/c402aabc4609a7f3e0a834a7ca2ae70fd2bd7d74e8f1b46fc52d18cc099e/plain_models-0.18.1-py3-none-any.whl", hash = "sha256:3e18af878b02242833d067d046fe5470c8a004ff7f6dd3c36a5010a09e3c0132", size = 436840 },
]

[[package]]
name = "plain-passwords"
version = "0.5.0"
source = { registry = "https://pypi.org/simple" }
dependencies = [
    { name = "plain" },
]
sdist = { url = "https://files.pythonhosted.org/packages/52/e1/2e488634c9197dba1bc5c3d41f24071e29516e172433418649ad42a293dd/plain_passwords-0.5.0.tar.gz", hash = "sha256:72dd7845a46b286d3a2214e0029a693892cd63157c166dac790e86bf6fbb98c1", size = 98245 }
wheels = [
    { url = "https://files.pythonhosted.org/packages/f4/2d/9b3ec5bf7e5b6050de727d43521525b3845d4f93e931d7cfd805b4cc6b48/plain_passwords-0.5.0-py3-none-any.whl", hash = "sha256:2a6488abb52adacde16e8227de3ae2f5921d3af49424e8aabc1d60488b497e15", size = 101442 },
]

[[package]]
name = "plain-pytest"
version = "0.5.0"
source = { registry = "https://pypi.org/simple" }
dependencies = [
    { name = "click" },
    { name = "plain" },
    { name = "pytest" },
    { name = "python-dotenv" },
]
sdist = { url = "https://files.pythonhosted.org/packages/82/6b/da8d6acfd46f83db84e26eb4f2c1b6cc1f34e62557a934ef2cd3e51aa04a/plain_pytest-0.5.0.tar.gz", hash = "sha256:897085fd86abec68f07ee1d3e14b10fb02970e7d1128a880710b2939a68b7bd2", size = 2898 }
wheels = [
    { url = "https://files.pythonhosted.org/packages/df/56/31ef2ff7575a731b41f2ca719ec830f673747de0a64969257a9a590c115c/plain_pytest-0.5.0-py3-none-any.whl", hash = "sha256:58c6bdc4a3e8d617b2e6f153ecc1c1b6a6e0d017b2fb04a572e36e3719f54289", size = 4451 },
]

[[package]]
name = "plain-sessions"
version = "0.10.0"
source = { registry = "https://pypi.org/simple" }
dependencies = [
    { name = "plain" },
]
sdist = { url = "https://files.pythonhosted.org/packages/4c/b2/f8d68c61daaba21eb19ba17ed1728832a9428204efdaec5d201b67712338/plain_sessions-0.10.0.tar.gz", hash = "sha256:150afb32ab040f008a32b77942f97816372e3f1732873620f727af1f1f7c0163", size = 9649 }
wheels = [
    { url = "https://files.pythonhosted.org/packages/80/75/b717f3bdcc4bc01a416746eec9306777787b980b397632f937b10817fc7c/plain_sessions-0.10.0-py3-none-any.whl", hash = "sha256:a69b3f61498623ba4bedcb99a79e413de64f113fd0d54e36c3acb5fc95692889", size = 13860 },
]

[[package]]
name = "plain-tailwind"
version = "0.9.1"
source = { registry = "https://pypi.org/simple" }
dependencies = [
    { name = "plain" },
    { name = "requests" },
    { name = "tomlkit" },
]
sdist = { url = "https://files.pythonhosted.org/packages/32/79/a952d62f0506efa920e0f6a8c97346c000974ac764ed24cdad4a1372abd3/plain_tailwind-0.9.1.tar.gz", hash = "sha256:cfbd1764c8928502a8cbe5dffddbf2a1113d72f942eae3e4f783b5ee8be94a55", size = 5644 }
wheels = [
    { url = "https://files.pythonhosted.org/packages/dc/8c/773b70117f1e26cd99a34cd8bf2b10dc5aa15d75db1540e7a8019a2dbb1a/plain_tailwind-0.9.1-py3-none-any.whl", hash = "sha256:3d8688446f1719fb4982f7f013ba8b42549461c933cd774d59842c692d5a9d54", size = 9494 },
]

[[package]]
name = "pluggy"
version = "1.5.0"
source = { registry = "https://pypi.org/simple" }
sdist = { url = "https://files.pythonhosted.org/packages/96/2d/02d4312c973c6050a18b314a5ad0b3210edb65a906f868e31c111dede4a6/pluggy-1.5.0.tar.gz", hash = "sha256:2cffa88e94fdc978c4c574f15f9e59b7f4201d439195c3715ca9e2486f1d0cf1", size = 67955 }
wheels = [
    { url = "https://files.pythonhosted.org/packages/88/5f/e351af9a41f866ac3f1fac4ca0613908d9a41741cfcf2228f4ad853b697d/pluggy-1.5.0-py3-none-any.whl", hash = "sha256:44e1ad92c8ca002de6377e165f3e0f1be63266ab4d554740532335b9d75ea669", size = 20556 },
]

[[package]]
name = "psycopg"
version = "3.2.5"
source = { registry = "https://pypi.org/simple" }
dependencies = [
    { name = "typing-extensions" },
    { name = "tzdata", marker = "sys_platform == 'win32'" },
]
sdist = { url = "https://files.pythonhosted.org/packages/0e/cf/dc1a4d45e3c6222fe272a245c5cea9a969a7157639da606ac7f2ab5de3a1/psycopg-3.2.5.tar.gz", hash = "sha256:f5f750611c67cb200e85b408882f29265c66d1de7f813add4f8125978bfd70e8", size = 156158 }
wheels = [
    { url = "https://files.pythonhosted.org/packages/18/f3/14a1370b1449ca875d5e353ef02cb9db6b70bd46ec361c236176837c0be1/psycopg-3.2.5-py3-none-any.whl", hash = "sha256:b782130983e5b3de30b4c529623d3687033b4dafa05bb661fc6bf45837ca5879", size = 198749 },
]

[package.optional-dependencies]
binary = [
    { name = "psycopg-binary", marker = "implementation_name != 'pypy'" },
]

[[package]]
name = "psycopg-binary"
version = "3.2.5"
source = { registry = "https://pypi.org/simple" }
wheels = [
    { url = "https://files.pythonhosted.org/packages/84/eb/175a81bfd26734eeaaa39b651bc44a3c5e3fce1190963ace21e428c4d2ee/psycopg_binary-3.2.5-cp312-cp312-macosx_10_13_x86_64.whl", hash = "sha256:a4321ee8180982d70458d3e8378e31448901bf0ee40fe0d410a87413578f4098", size = 3857964 },
    { url = "https://files.pythonhosted.org/packages/ca/2e/0d57047372c3dd31becc1a48185862d7e6714ffbdc1401742a32f2294f79/psycopg_binary-3.2.5-cp312-cp312-macosx_11_0_arm64.whl", hash = "sha256:2cc86657c05e09c701e97f87132cd58e0d55381dd568520081ac1fe7580a9bbb", size = 3940056 },
    { url = "https://files.pythonhosted.org/packages/c5/2f/339a18b28787d33fe892d1ae1fbaa83739c6274327cbf9ada4158322ad9d/psycopg_binary-3.2.5-cp312-cp312-manylinux_2_17_aarch64.manylinux2014_aarch64.whl", hash = "sha256:5244bebaa9734a236b7157fb57c065b6c0f2344281916187bd73f951df1899e0", size = 4499081 },
    { url = "https://files.pythonhosted.org/packages/42/21/32d7115b2cbd87d043ad494254fd7c4c8652ac3c32f49bb571fd8111caf3/psycopg_binary-3.2.5-cp312-cp312-manylinux_2_17_i686.manylinux2014_i686.whl", hash = "sha256:21b839f9bfd77ed074f7f71464a43f453400c57d038a0ba0716329a28e335897", size = 4307502 },
    { url = "https://files.pythonhosted.org/packages/00/67/e99b58f616dd02c5e52c179b3df047d9683a9f699993cb1795ee435db598/psycopg_binary-3.2.5-cp312-cp312-manylinux_2_17_ppc64le.manylinux2014_ppc64le.whl", hash = "sha256:7376b13504396da9678b646f5338462347da01286b2a688a0d8493ec764683a2", size = 4547821 },
    { url = "https://files.pythonhosted.org/packages/0d/64/9d13ee0fed78a47c506a93d1e67ee53cc7ffd75c1f5885b59d17810fe5cd/psycopg_binary-3.2.5-cp312-cp312-manylinux_2_17_x86_64.manylinux2014_x86_64.whl", hash = "sha256:473f6827cf1faf3924eb77146d1e85126a1b5e48a88053b8d8b78dd29e971d78", size = 4259849 },
    { url = "https://files.pythonhosted.org/packages/ea/f2/172b6ebcd60a1a86f5ce1a539cfb93ffbe42fc9bc7ab2e1ed79e99a75d71/psycopg_binary-3.2.5-cp312-cp312-musllinux_1_2_aarch64.whl", hash = "sha256:28bd5cb2324567e5e70f07fe1d646398d6b0e210e28b49be0e69593590a59980", size = 3847280 },
    { url = "https://files.pythonhosted.org/packages/0f/51/9cd26c6b862d499b4b25ea173ae6e21c9d460ddce6b09cbe9501dff66211/psycopg_binary-3.2.5-cp312-cp312-musllinux_1_2_i686.whl", hash = "sha256:48f97936145cb7de18b95d85670b2d3e2c257277263272be05815b74fb0ef195", size = 3320262 },
    { url = "https://files.pythonhosted.org/packages/51/7d/2dac61ff16476e77c6ce0a49a30b130e2ba6ad08c83c4950591b4bc49cf2/psycopg_binary-3.2.5-cp312-cp312-musllinux_1_2_ppc64le.whl", hash = "sha256:8e6f2bef5aed021fbdf46323d3cd8847bf960efb56394698644a8ee2306f8892", size = 3400254 },
    { url = "https://files.pythonhosted.org/packages/45/67/bd36932c24f96dc1bc21fb18b1bdebcda7b9791067f7151a1c5dc1193e6b/psycopg_binary-3.2.5-cp312-cp312-musllinux_1_2_x86_64.whl", hash = "sha256:3d2e57a1d06f3968e49e948ba374f21a7d8dcf44f37d582a4aeddeb7c85ce239", size = 3438916 },
    { url = "https://files.pythonhosted.org/packages/00/ab/882b861cfcf83d7faffe583e1e092117cd66eacc86fb4517d27973e52f35/psycopg_binary-3.2.5-cp312-cp312-win_amd64.whl", hash = "sha256:2cbb8649cfdacbd14e17f5ab78edc52d33350013888518c73e90c5d17d7bea55", size = 2782504 },
]

[[package]]
name = "pygments"
version = "2.19.1"
source = { registry = "https://pypi.org/simple" }
sdist = { url = "https://files.pythonhosted.org/packages/7c/2d/c3338d48ea6cc0feb8446d8e6937e1408088a72a39937982cc6111d17f84/pygments-2.19.1.tar.gz", hash = "sha256:61c16d2a8576dc0649d9f39e089b5f02bcd27fba10d8fb4dcc28173f7a45151f", size = 4968581 }
wheels = [
    { url = "https://files.pythonhosted.org/packages/8a/0b/9fcc47d19c48b59121088dd6da2488a49d5f72dacf8262e2790a1d2c7d15/pygments-2.19.1-py3-none-any.whl", hash = "sha256:9ea1544ad55cecf4b8242fab6dd35a93bbce657034b0611ee383099054ab6d8c", size = 1225293 },
]

[[package]]
name = "pytest"
version = "8.3.4"
source = { registry = "https://pypi.org/simple" }
dependencies = [
    { name = "colorama", marker = "sys_platform == 'win32'" },
    { name = "iniconfig" },
    { name = "packaging" },
    { name = "pluggy" },
]
sdist = { url = "https://files.pythonhosted.org/packages/05/35/30e0d83068951d90a01852cb1cef56e5d8a09d20c7f511634cc2f7e0372a/pytest-8.3.4.tar.gz", hash = "sha256:965370d062bce11e73868e0335abac31b4d3de0e82f4007408d242b4f8610761", size = 1445919 }
wheels = [
    { url = "https://files.pythonhosted.org/packages/11/92/76a1c94d3afee238333bc0a42b82935dd8f9cf8ce9e336ff87ee14d9e1cf/pytest-8.3.4-py3-none-any.whl", hash = "sha256:50e16d954148559c9a74109af1eaf0c945ba2d8f30f0a3d3335edde19788b6f6", size = 343083 },
]

[[package]]
name = "python-dotenv"
version = "1.0.1"
source = { registry = "https://pypi.org/simple" }
sdist = { url = "https://files.pythonhosted.org/packages/bc/57/e84d88dfe0aec03b7a2d4327012c1627ab5f03652216c63d49846d7a6c58/python-dotenv-1.0.1.tar.gz", hash = "sha256:e324ee90a023d808f1959c46bcbc04446a10ced277783dc6ee09987c37ec10ca", size = 39115 }
wheels = [
    { url = "https://files.pythonhosted.org/packages/6a/3e/b68c118422ec867fa7ab88444e1274aa40681c606d59ac27de5a5588f082/python_dotenv-1.0.1-py3-none-any.whl", hash = "sha256:f7b63ef50f1b690dddf550d03497b66d609393b40b564ed0d674909a68ebf16a", size = 19863 },
]

[[package]]
name = "requests"
version = "2.32.3"
source = { registry = "https://pypi.org/simple" }
dependencies = [
    { name = "certifi" },
    { name = "charset-normalizer" },
    { name = "idna" },
    { name = "urllib3" },
]
sdist = { url = "https://files.pythonhosted.org/packages/63/70/2bf7780ad2d390a8d301ad0b550f1581eadbd9a20f896afe06353c2a2913/requests-2.32.3.tar.gz", hash = "sha256:55365417734eb18255590a9ff9eb97e9e1da868d4ccd6402399eaf68af20a760", size = 131218 }
wheels = [
    { url = "https://files.pythonhosted.org/packages/f9/9b/335f9764261e915ed497fcdeb11df5dfd6f7bf257d4a6a2a686d80da4d54/requests-2.32.3-py3-none-any.whl", hash = "sha256:70761cfe03c773ceb22aa2f671b4757976145175cdfca038c02654d061d6dcc6", size = 64928 },
]

[[package]]
name = "rich"
version = "13.9.4"
source = { registry = "https://pypi.org/simple" }
dependencies = [
    { name = "markdown-it-py" },
    { name = "pygments" },
]
sdist = { url = "https://files.pythonhosted.org/packages/ab/3a/0316b28d0761c6734d6bc14e770d85506c986c85ffb239e688eeaab2c2bc/rich-13.9.4.tar.gz", hash = "sha256:439594978a49a09530cff7ebc4b5c7103ef57baf48d5ea3184f21d9a2befa098", size = 223149 }
wheels = [
    { url = "https://files.pythonhosted.org/packages/19/71/39c7c0d87f8d4e6c020a393182060eaefeeae6c01dab6a84ec346f2567df/rich-13.9.4-py3-none-any.whl", hash = "sha256:6049d5e6ec054bf2779ab3358186963bac2ea89175919d699e378b99738c2a90", size = 242424 },
]

[[package]]
name = "ruff"
version = "0.9.8"
source = { registry = "https://pypi.org/simple" }
sdist = { url = "https://files.pythonhosted.org/packages/e9/59/ac745a2492986a4c900c73a7a3a10eb4d7a3853e43443519bceecae5eefc/ruff-0.9.8.tar.gz", hash = "sha256:12d455f2be6fe98accbea2487bbb8eaec716c760bf60b45e7e13f76f913f56e9", size = 3715230 }
wheels = [
    { url = "https://files.pythonhosted.org/packages/5c/1c/9de3a463279e9a203104fe80881d7dcfd8377eb52b3d5608770ea6ff3dc6/ruff-0.9.8-py3-none-linux_armv6l.whl", hash = "sha256:d236f0ce0190bbc6fa9b4c4b85e916fb4c50fd087e6558af1bf5a45eb20e374d", size = 10036520 },
    { url = "https://files.pythonhosted.org/packages/35/10/a4eda083ad0b60a4c16bc9a68c6eda59de69a3a58913a0b62541f5c551cd/ruff-0.9.8-py3-none-macosx_10_12_x86_64.whl", hash = "sha256:59fac6922b336d0c38df199761ade561563e1b7636e3a2b767b9ee5a68aa9cbf", size = 10827099 },
    { url = "https://files.pythonhosted.org/packages/57/34/cf7e18f2315926ee2c98f931717e1302f8c3face189f5b99352eb48c5373/ruff-0.9.8-py3-none-macosx_11_0_arm64.whl", hash = "sha256:a82082ec72bde2166ec138055307396c4d4e543fd97266dc2bfa24284cb30af6", size = 10161605 },
    { url = "https://files.pythonhosted.org/packages/f3/08/5e7e8fc08d193e3520b9227249a00bc9b8da9e0a20bf97bef03a9a9f0d38/ruff-0.9.8-py3-none-manylinux_2_17_aarch64.manylinux2014_aarch64.whl", hash = "sha256:e06635d12321605d1d11226c7d3c6b1245a0df498099868d14b4e353b3f0ac22", size = 10338840 },
    { url = "https://files.pythonhosted.org/packages/54/c0/df2187618b87334867ea7942f6d2d79ea3e5cb3ed709cfa5c8df115d3715/ruff-0.9.8-py3-none-manylinux_2_17_armv7l.manylinux2014_armv7l.whl", hash = "sha256:65961815bb35d427e957940d13b2a1d0a67d8b245d3a7e0b5a4a2058536d3532", size = 9891009 },
    { url = "https://files.pythonhosted.org/packages/fb/39/8fc50b87203e71e6f3281111813ab0f3d6095cb1129efc2cf4c33e977657/ruff-0.9.8-py3-none-manylinux_2_17_i686.manylinux2014_i686.whl", hash = "sha256:c18356beaef174797ad83f11debc5569e96afa73a549b2d073912565cfc4cfd1", size = 11413420 },
    { url = "https://files.pythonhosted.org/packages/6a/7b/53cd91b99a1cef31126859fb98fdc347c47e0047a9ec51391ea28f08284d/ruff-0.9.8-py3-none-manylinux_2_17_ppc64.manylinux2014_ppc64.whl", hash = "sha256:a1dfc443bee0288ea926a4d9ecfd858bf94ddf0a03a256c63e81b2b6dccdfc7d", size = 12138017 },
    { url = "https://files.pythonhosted.org/packages/1a/d4/949a328934202a2d2641dcd759761d8ed806e672cbbad0a88e20a46c43ba/ruff-0.9.8-py3-none-manylinux_2_17_ppc64le.manylinux2014_ppc64le.whl", hash = "sha256:bc86d5a85cd5ab1d5aff1650f038aa34681d0692cc2467aa9ddef37bd56ea3f9", size = 11592548 },
    { url = "https://files.pythonhosted.org/packages/c6/8e/8520a4d97eefedb8472811fd5144fcb1fcbb29f83bb9bb4356a468e7eeac/ruff-0.9.8-py3-none-manylinux_2_17_s390x.manylinux2014_s390x.whl", hash = "sha256:66662aa19535d58fe6d04e5b59a39e495b102f2f5a2a1b9698e240eb78f429ef", size = 13787277 },
    { url = "https://files.pythonhosted.org/packages/24/68/f1629e00dbc5c9adcd31f12f9438b68c50ab0eefca8b07e11b6c94f11b09/ruff-0.9.8-py3-none-manylinux_2_17_x86_64.manylinux2014_x86_64.whl", hash = "sha256:733647b2fe9367e1aa049c0eba296363746f3bc0dbfd454b0bc4b7b46cdf0146", size = 11275421 },
    { url = "https://files.pythonhosted.org/packages/28/65/c133462f179b925e49910532c7d7b5a244df5995c155cd2ab9452545926f/ruff-0.9.8-py3-none-musllinux_1_2_aarch64.whl", hash = "sha256:100031be9777f67af7f61b4d4eea2a0531ed6788940aca4360f6b9aae317c53b", size = 10220273 },
    { url = "https://files.pythonhosted.org/packages/d8/1e/9339aef1896470380838385dbdc91f62998c37d406009f05ff3b810265f3/ruff-0.9.8-py3-none-musllinux_1_2_armv7l.whl", hash = "sha256:2f090758d58b4667d9022eee1085a854db93d800279e5a177ebda5adc1faf639", size = 9860266 },
    { url = "https://files.pythonhosted.org/packages/ca/33/2a2934860df6bd3665776ec686fc33910e7a1b793bdd2f000aea3e8f0b65/ruff-0.9.8-py3-none-musllinux_1_2_i686.whl", hash = "sha256:f774998b9c9a062510533aba9b53085de6be6d41e13a7a0bd086af8a40e838c3", size = 10831947 },
    { url = "https://files.pythonhosted.org/packages/74/66/0a7677b1cda4b2367a654f9af57f1dbe58f38c6704da88aee9bbf3941197/ruff-0.9.8-py3-none-musllinux_1_2_x86_64.whl", hash = "sha256:6ef7cc80626264ab8ab4d68b359ba867b8a52b0830a9643cd31289146dd40892", size = 11306767 },
    { url = "https://files.pythonhosted.org/packages/c4/90/6c98f94e036c8acdf19bd8f3f84d246e43cbcc950e24dc7ff85d2f2735ba/ruff-0.9.8-py3-none-win32.whl", hash = "sha256:54b57b623a683e696a1ede99db95500763c1badafe105b6ad8d8e9d96e385ae2", size = 10234107 },
    { url = "https://files.pythonhosted.org/packages/f5/e7/35877491b4b64daa35cbd7dc06aa5969e7bb1cd6f69e5594e4376dfbc16d/ruff-0.9.8-py3-none-win_amd64.whl", hash = "sha256:b0878103b2fb8af55ad701308a69ce713108ad346c3a3a143ebcd1e13829c9a7", size = 11357825 },
    { url = "https://files.pythonhosted.org/packages/6e/98/de77a972b2e9ded804dea5d4e6fbfa093d99e81092602567787ea87979af/ruff-0.9.8-py3-none-win_arm64.whl", hash = "sha256:e459a4fc4150fcc60da26c59a6a4b70878c60a99df865a71cf6f958dc68c419a", size = 10435420 },
]

[[package]]
name = "sqlparse"
version = "0.5.3"
source = { registry = "https://pypi.org/simple" }
sdist = { url = "https://files.pythonhosted.org/packages/e5/40/edede8dd6977b0d3da179a342c198ed100dd2aba4be081861ee5911e4da4/sqlparse-0.5.3.tar.gz", hash = "sha256:09f67787f56a0b16ecdbde1bfc7f5d9c3371ca683cfeaa8e6ff60b4807ec9272", size = 84999 }
wheels = [
    { url = "https://files.pythonhosted.org/packages/a9/5c/bfd6bd0bf979426d405cc6e71eceb8701b148b16c21d2dc3c261efc61c7b/sqlparse-0.5.3-py3-none-any.whl", hash = "sha256:cf2196ed3418f3ba5de6af7e82c694a9fbdbfecccdfc72e281548517081f16ca", size = 44415 },
]

[[package]]
name = "tomlkit"
version = "0.13.2"
source = { registry = "https://pypi.org/simple" }
sdist = { url = "https://files.pythonhosted.org/packages/b1/09/a439bec5888f00a54b8b9f05fa94d7f901d6735ef4e55dcec9bc37b5d8fa/tomlkit-0.13.2.tar.gz", hash = "sha256:fff5fe59a87295b278abd31bec92c15d9bc4a06885ab12bcea52c71119392e79", size = 192885 }
wheels = [
    { url = "https://files.pythonhosted.org/packages/f9/b6/a447b5e4ec71e13871be01ba81f5dfc9d0af7e473da256ff46bc0e24026f/tomlkit-0.13.2-py3-none-any.whl", hash = "sha256:7a974427f6e119197f670fbbbeae7bef749a6c14e793db934baefc1b5f03efde", size = 37955 },
]

[[package]]
name = "typing-extensions"
version = "4.12.2"
source = { registry = "https://pypi.org/simple" }
sdist = { url = "https://files.pythonhosted.org/packages/df/db/f35a00659bc03fec321ba8bce9420de607a1d37f8342eee1863174c69557/typing_extensions-4.12.2.tar.gz", hash = "sha256:1a7ead55c7e559dd4dee8856e3a88b41225abfe1ce8df57b7c13915fe121ffb8", size = 85321 }
wheels = [
    { url = "https://files.pythonhosted.org/packages/26/9f/ad63fc0248c5379346306f8668cda6e2e2e9c95e01216d2b8ffd9ff037d0/typing_extensions-4.12.2-py3-none-any.whl", hash = "sha256:04e5ca0351e0f3f85c6853954072df659d0d13fac324d0072316b67d7794700d", size = 37438 },
]

[[package]]
name = "tzdata"
version = "2025.1"
source = { registry = "https://pypi.org/simple" }
sdist = { url = "https://files.pythonhosted.org/packages/43/0f/fa4723f22942480be4ca9527bbde8d43f6c3f2fe8412f00e7f5f6746bc8b/tzdata-2025.1.tar.gz", hash = "sha256:24894909e88cdb28bd1636c6887801df64cb485bd593f2fd83ef29075a81d694", size = 194950 }
wheels = [
    { url = "https://files.pythonhosted.org/packages/0f/dd/84f10e23edd882c6f968c21c2434fe67bd4a528967067515feca9e611e5e/tzdata-2025.1-py2.py3-none-any.whl", hash = "sha256:7e127113816800496f027041c570f50bcd464a020098a3b6b199517772303639", size = 346762 },
]

[[package]]
name = "urllib3"
version = "2.3.0"
source = { registry = "https://pypi.org/simple" }
sdist = { url = "https://files.pythonhosted.org/packages/aa/63/e53da845320b757bf29ef6a9062f5c669fe997973f966045cb019c3f4b66/urllib3-2.3.0.tar.gz", hash = "sha256:f8c5449b3cf0861679ce7e0503c7b44b5ec981bec0d1d3795a07f1ba96f0204d", size = 307268 }
wheels = [
    { url = "https://files.pythonhosted.org/packages/c8/19/4ec628951a74043532ca2cf5d97b7b14863931476d117c471e8e2b1eb39f/urllib3-2.3.0-py3-none-any.whl", hash = "sha256:1cee9ad369867bfdbbb48b7dd50374c0967a0bb7710050facf0dd6911440e3df", size = 128369 },
]
